
Microsoft Visual Studio Solution File, Format Version 12.00
Project("{FAE04EC0-301F-11D3-BF4B-00C04F79EFBC}") = "TTSBot", "TTSBot\TTSBot.csproj", "{EB9B3929-48F3-409D-A292-5BBAB3F8EA97}"
EndProject
Project("{FAE04EC0-301F-11D3-BF4B-00C04F79EFBC}") = "TTSBot.Tests", "TTSBot.Tests\TTSBot.Tests.csproj", "{F5AA1DB0-F7F3-4F4C-8AC3-31A9EF9CD26D}"
EndProject
Global
	GlobalSection(SolutionConfigurationPlatforms) = preSolution
		Debug|Any CPU = Debug|Any CPU
		Debug|x64 = Debug|x64
		Debug|x86 = Debug|x86
		Release|Any CPU = Release|Any CPU
		Release|x64 = Release|x64
		Release|x86 = Release|x86
	EndGlobalSection
	GlobalSection(ProjectConfigurationPlatforms) = postSolution
		{EB9B3929-48F3-409D-A292-5BBAB3F8EA97}.Debug|Any CPU.ActiveCfg = Debug|Any CPU
		{EB9B3929-48F3-409D-A292-5BBAB3F8EA97}.Debug|Any CPU.Build.0 = Debug|Any CPU
		{EB9B3929-48F3-409D-A292-5BBAB3F8EA97}.Debug|x64.ActiveCfg = Debug|Any CPU
		{EB9B3929-48F3-409D-A292-5BBAB3F8EA97}.Debug|x64.Build.0 = Debug|Any CPU
		{EB9B3929-48F3-409D-A292-5BBAB3F8EA97}.Debug|x86.ActiveCfg = Debug|Any CPU
		{EB9B3929-48F3-409D-A292-5BBAB3F8EA97}.Debug|x86.Build.0 = Debug|Any CPU
		{EB9B3929-48F3-409D-A292-5BBAB3F8EA97}.Release|Any CPU.ActiveCfg = Release|Any CPU
		{EB9B3929-48F3-409D-A292-5BBAB3F8EA97}.Release|Any CPU.Build.0 = Release|Any CPU
		{EB9B3929-48F3-409D-A292-5BBAB3F8EA97}.Release|x64.ActiveCfg = Release|Any CPU
		{EB9B3929-48F3-409D-A292-5BBAB3F8EA97}.Release|x64.Build.0 = Release|Any CPU
		{EB9B3929-48F3-409D-A292-5BBAB3F8EA97}.Release|x86.ActiveCfg = Release|Any CPU
		{EB9B3929-48F3-409D-A292-5BBAB3F8EA97}.Release|x86.Build.0 = Release|Any CPU
		{F5AA1DB0-F7F3-4F4C-8AC3-31A9EF9CD26D}.Debug|Any CPU.ActiveCfg = Debug|Any CPU
		{F5AA1DB0-F7F3-4F4C-8AC3-31A9EF9CD26D}.Debug|Any CPU.Build.0 = Debug|Any CPU
		{F5AA1DB0-F7F3-4F4C-8AC3-31A9EF9CD26D}.Debug|x64.ActiveCfg = Debug|Any CPU
		{F5AA1DB0-F7F3-4F4C-8AC3-31A9EF9CD26D}.Debug|x64.Build.0 = Debug|Any CPU
		{F5AA1DB0-F7F3-4F4C-8AC3-31A9EF9CD26D}.Debug|x86.ActiveCfg = Debug|Any CPU
		{F5AA1DB0-F7F3-4F4C-8AC3-31A9EF9CD26D}.Debug|x86.Build.0 = Debug|Any CPU
		{F5AA1DB0-F7F3-4F4C-8AC3-31A9EF9CD26D}.Release|Any CPU.ActiveCfg = Release|Any CPU
		{F5AA1DB0-F7F3-4F4C-8AC3-31A9EF9CD26D}.Release|Any CPU.Build.0 = Release|Any CPU
		{F5AA1DB0-F7F3-4F4C-8AC3-31A9EF9CD26D}.Release|x64.ActiveCfg = Release|Any CPU
		{F5AA1DB0-F7F3-4F4C-8AC3-31A9EF9CD26D}.Release|x64.Build.0 = Release|Any CPU
		{F5AA1DB0-F7F3-4F4C-8AC3-31A9EF9CD26D}.Release|x86.ActiveCfg = Release|Any CPU
		{F5AA1DB0-F7F3-4F4C-8AC3-31A9EF9CD26D}.Release|x86.Build.0 = Release|Any CPU
	EndGlobalSection
	GlobalSection(SolutionProperties) = preSolution
		HideSolutionNode = FALSE
	EndGlobalSection
EndGlobal
